// !$*UTF8*$!
{
	archiveVersion = 1;
	classes = {
	};
	objectVersion = 56;
	objects = {

/* Begin PBXBuildFile section */
		2CB99BED291B310900F9F090 /* AppDelegate.swift in Sources */ = {isa = PBXBuildFile; fileRef = 2CB99BEC291B310900F9F090 /* AppDelegate.swift */; };
		2CB99BEF291B310900F9F090 /* SceneDelegate.swift in Sources */ = {isa = PBXBuildFile; fileRef = 2CB99BEE291B310900F9F090 /* SceneDelegate.swift */; };
		2CB99BF1291B310900F9F090 /* MainViewController.swift in Sources */ = {isa = PBXBuildFile; fileRef = 2CB99BF0291B310900F9F090 /* MainViewController.swift */; };
		2CB99BF4291B310900F9F090 /* Main.storyboard in Resources */ = {isa = PBXBuildFile; fileRef = 2CB99BF2291B310900F9F090 /* Main.storyboard */; };
		2CB99BF6291B310A00F9F090 /* Assets.xcassets in Resources */ = {isa = PBXBuildFile; fileRef = 2CB99BF5291B310A00F9F090 /* Assets.xcassets */; };
		2CB99BF9291B310A00F9F090 /* LaunchScreen.storyboard in Resources */ = {isa = PBXBuildFile; fileRef = 2CB99BF7291B310A00F9F090 /* LaunchScreen.storyboard */; };
		2CB99C09291B31AC00F9F090 /* A.wav in Resources */ = {isa = PBXBuildFile; fileRef = 2CB99C02291B31AC00F9F090 /* A.wav */; };
		2CB99C0A291B31AC00F9F090 /* B.wav in Resources */ = {isa = PBXBuildFile; fileRef = 2CB99C03291B31AC00F9F090 /* B.wav */; };
		2CB99C0B291B31AC00F9F090 /* C.wav in Resources */ = {isa = PBXBuildFile; fileRef = 2CB99C04291B31AC00F9F090 /* C.wav */; };
		2CB99C0C291B31AC00F9F090 /* D.wav in Resources */ = {isa = PBXBuildFile; fileRef = 2CB99C05291B31AC00F9F090 /* D.wav */; };
		2CB99C0D291B31AC00F9F090 /* E.wav in Resources */ = {isa = PBXBuildFile; fileRef = 2CB99C06291B31AC00F9F090 /* E.wav */; };
		2CB99C0E291B31AC00F9F090 /* F.wav in Resources */ = {isa = PBXBuildFile; fileRef = 2CB99C07291B31AC00F9F090 /* F.wav */; };
		2CB99C0F291B31AC00F9F090 /* G.wav in Resources */ = {isa = PBXBuildFile; fileRef = 2CB99C08291B31AC00F9F090 /* G.wav */; };
/* End PBXBuildFile section */

/* Begin PBXFileReference section */
		2CB99BE9291B310900F9F090 /* 07_Xylophone.app */ = {isa = PBXFileReference; explicitFileType = wrapper.application; includeInIndex = 0; path = 07_Xylophone.app; sourceTree = BUILT_PRODUCTS_DIR; };
		2CB99BEC291B310900F9F090 /* AppDelegate.swift */ = {isa = PBXFileReference; lastKnownFileType = sourcecode.swift; path = AppDelegate.swift; sourceTree = "<group>"; };
		2CB99BEE291B310900F9F090 /* SceneDelegate.swift */ = {isa = PBXFileReference; lastKnownFileType = sourcecode.swift; path = SceneDelegate.swift; sourceTree = "<group>"; };
		2CB99BF0291B310900F9F090 /* MainViewController.swift */ = {isa = PBXFileReference; lastKnownFileType = sourcecode.swift; path = MainViewController.swift; sourceTree = "<group>"; };
		2CB99BF3291B310900F9F090 /* Base */ = {isa = PBXFileReference; lastKnownFileType = file.storyboard; name = Base; path = Base.lproj/Main.storyboard; sourceTree = "<group>"; };
		2CB99BF5291B310A00F9F090 /* Assets.xcassets */ = {isa = PBXFileReference; lastKnownFileType = folder.assetcatalog; path = Assets.xcassets; sourceTree = "<group>"; };
		2CB99BF8291B310A00F9F090 /* Base */ = {isa = PBXFileReference; lastKnownFileType = file.storyboard; name = Base; path = Base.lproj/LaunchScreen.storyboard; sourceTree = "<group>"; };
		2CB99BFA291B310A00F9F090 /* Info.plist */ = {isa = PBXFileReference; lastKnownFileType = text.plist.xml; path = Info.plist; sourceTree = "<group>"; };
		2CB99C02291B31AC00F9F090 /* A.wav */ = {isa = PBXFileReference; lastKnownFileType = audio.wav; path = A.wav; sourceTree = "<group>"; };
		2CB99C03291B31AC00F9F090 /* B.wav */ = {isa = PBXFileReference; lastKnownFileType = audio.wav; path = B.wav; sourceTree = "<group>"; };
		2CB99C04291B31AC00F9F090 /* C.wav */ = {isa = PBXFileReference; lastKnownFileType = audio.wav; path = C.wav; sourceTree = "<group>"; };
		2CB99C05291B31AC00F9F090 /* D.wav */ = {isa = PBXFileReference; lastKnownFileType = audio.wav; path = D.wav; sourceTree = "<group>"; };
		2CB99C06291B31AC00F9F090 /* E.wav */ = {isa = PBXFileReference; lastKnownFileType = audio.wav; path = E.wav; sourceTree = "<group>"; };
		2CB99C07291B31AC00F9F090 /* F.wav */ = {isa = PBXFileReference; lastKnownFileType = audio.wav; path = F.wav; sourceTree = "<group>"; };
		2CB99C08291B31AC00F9F090 /* G.wav */ = {isa = PBXFileReference; lastKnownFileType = audio.wav; path = G.wav; sourceTree = "<group>"; };
/* End PBXFileReference section */

/* Begin PBXFrameworksBuildPhase section */
		2CB99BE6291B310900F9F090 /* Frameworks */ = {
			isa = PBXFrameworksBuildPhase;
			buildActionMask = 2147483647;
			files = (
			);
			runOnlyForDeploymentPostprocessing = 0;
		};
/* End PBXFrameworksBuildPhase section */

/* Begin PBXGroup section */
		2CB99BE0291B310900F9F090 = {
			isa = PBXGroup;
			children = (
				2CB99BEB291B310900F9F090 /* 07_Xylophone */,
				2CB99BEA291B310900F9F090 /* Products */,
			);
			sourceTree = "<group>";
		};
		2CB99BEA291B310900F9F090 /* Products */ = {
			isa = PBXGroup;
			children = (
				2CB99BE9291B310900F9F090 /* 07_Xylophone.app */,
			);
			name = Products;
			sourceTree = "<group>";
		};
		2CB99BEB291B310900F9F090 /* 07_Xylophone */ = {
			isa = PBXGroup;
			children = (
				2CB99BF0291B310900F9F090 /* MainViewController.swift */,
				2CB99BF2291B310900F9F090 /* Main.storyboard */,
				2CB99C00291B311D00F9F090 /* Resources */,
				2CB99C01291B31AC00F9F090 /* Sounds */,
			);
			path = 07_Xylophone;
			sourceTree = "<group>";
		};
		2CB99C00291B311D00F9F090 /* Resources */ = {
			isa = PBXGroup;
			children = (
				2CB99BEC291B310900F9F090 /* AppDelegate.swift */,
				2CB99BEE291B310900F9F090 /* SceneDelegate.swift */,
				2CB99BF5291B310A00F9F090 /* Assets.xcassets */,
				2CB99BF7291B310A00F9F090 /* LaunchScreen.storyboard */,
				2CB99BFA291B310A00F9F090 /* Info.plist */,
			);
			path = Resources;
			sourceTree = "<group>";
		};
		2CB99C01291B31AC00F9F090 /* Sounds */ = {
			isa = PBXGroup;
			children = (
				2CB99C02291B31AC00F9F090 /* A.wav */,
				2CB99C03291B31AC00F9F090 /* B.wav */,
				2CB99C04291B31AC00F9F090 /* C.wav */,
				2CB99C05291B31AC00F9F090 /* D.wav */,
				2CB99C06291B31AC00F9F090 /* E.wav */,
				2CB99C07291B31AC00F9F090 /* F.wav */,
				2CB99C08291B31AC00F9F090 /* G.wav */,
			);
			path = Sounds;
			sourceTree = "<group>";
		};
/* End PBXGroup section */

/* Begin PBXNativeTarget section */
		2CB99BE8291B310900F9F090 /* 07_Xylophone */ = {
			isa = PBXNativeTarget;
			buildConfigurationList = 2CB99BFD291B310A00F9F090 /* Build configuration list for PBXNativeTarget "07_Xylophone" */;
			buildPhases = (
				2CB99BE5291B310900F9F090 /* Sources */,
				2CB99BE6291B310900F9F090 /* Frameworks */,
				2CB99BE7291B310900F9F090 /* Resources */,
			);
			buildRules = (
			);
			dependencies = (
			);
			name = 07_Xylophone;
			productName = 07_Xylophone;
			productReference = 2CB99BE9291B310900F9F090 /* 07_Xylophone.app */;
			productType = "com.apple.product-type.application";
		};
/* End PBXNativeTarget section */

/* Begin PBXProject section */
		2CB99BE1291B310900F9F090 /* Project object */ = {
			isa = PBXProject;
			attributes = {
				BuildIndependentTargetsInParallel = 1;
				LastSwiftUpdateCheck = 1410;
				LastUpgradeCheck = 1410;
				TargetAttributes = {
					2CB99BE8291B310900F9F090 = {
						CreatedOnToolsVersion = 14.1;
					};
				};
			};
			buildConfigurationList = 2CB99BE4291B310900F9F090 /* Build configuration list for PBXProject "07_Xylophone" */;
			compatibilityVersion = "Xcode 14.0";
			developmentRegion = en;
			hasScannedForEncodings = 0;
			knownRegions = (
				en,
				Base,
			);
			mainGroup = 2CB99BE0291B310900F9F090;
			productRefGroup = 2CB99BEA291B310900F9F090 /* Products */;
			projectDirPath = "";
			projectRoot = "";
			targets = (
				2CB99BE8291B310900F9F090 /* 07_Xylophone */,
			);
		};
/* End PBXProject section */

/* Begin PBXResourcesBuildPhase section */
		2CB99BE7291B310900F9F090 /* Resources */ = {
			isa = PBXResourcesBuildPhase;
			buildActionMask = 2147483647;
			files = (
				2CB99C0B291B31AC00F9F090 /* C.wav in Resources */,
				2CB99BF9291B310A00F9F090 /* LaunchScreen.storyboard in Resources */,
				2CB99C0C291B31AC00F9F090 /* D.wav in Resources */,
				2CB99C0E291B31AC00F9F090 /* F.wav in Resources */,
				2CB99C0A291B31AC00F9F090 /* B.wav in Resources */,
				2CB99BF6291B310A00F9F090 /* Assets.xcassets in Resources */,
				2CB99C0F291B31AC00F9F090 /* G.wav in Resources */,
				2CB99C09291B31AC00F9F090 /* A.wav in Resources */,
				2CB99C0D291B31AC00F9F090 /* E.wav in Resources */,
				2CB99BF4291B310900F9F090 /* Main.storyboard in Resources */,
			);
			runOnlyForDeploymentPostprocessing = 0;
		};
/* End PBXResourcesBuildPhase section */

/* Begin PBXSourcesBuildPhase section */
		2CB99BE5291B310900F9F090 /* Sources */ = {
			isa = PBXSourcesBuildPhase;
			buildActionMask = 2147483647;
			files = (
				2CB99BF1291B310900F9F090 /* MainViewController.swift in Sources */,
				2CB99BED291B310900F9F090 /* AppDelegate.swift in Sources */,
				2CB99BEF291B310900F9F090 /* SceneDelegate.swift in Sources */,
			);
			runOnlyForDeploymentPostprocessing = 0;
		};
/* End PBXSourcesBuildPhase section */

/* Begin PBXVariantGroup section */
		2CB99BF2291B310900F9F090 /* Main.storyboard */ = {
			isa = PBXVariantGroup;
			children = (
				2CB99BF3291B310900F9F090 /* Base */,
			);
			name = Main.storyboard;
			sourceTree = "<group>";
		};
		2CB99BF7291B310A00F9F090 /* LaunchScreen.storyboard */ = {
			isa = PBXVariantGroup;
			children = (
				2CB99BF8291B310A00F9F090 /* Base */,
			);
			name = LaunchScreen.storyboard;
			sourceTree = "<group>";
		};
/* End PBXVariantGroup section */

/* Begin XCBuildConfiguration section */
		2CB99BFB291B310A00F9F090 /* Debug */ = {
			isa = XCBuildConfiguration;
			buildSettings = {
				ALWAYS_SEARCH_USER_PATHS = NO;
				CLANG_ANALYZER_NONNULL = YES;
				CLANG_ANALYZER_NUMBER_OBJECT_CONVERSION = YES_AGGRESSIVE;
				CLANG_CXX_LANGUAGE_STANDARD = "gnu++20";
				CLANG_ENABLE_MODULES = YES;
				CLANG_ENABLE_OBJC_ARC = YES;
				CLANG_ENABLE_OBJC_WEAK = YES;
				CLANG_WARN_BLOCK_CAPTURE_AUTORELEASING = YES;
				CLANG_WARN_BOOL_CONVERSION = YES;
				CLANG_WARN_COMMA = YES;
				CLANG_WARN_CONSTANT_CONVERSION = YES;
				CLANG_WARN_DEPRECATED_OBJC_IMPLEMENTATIONS = YES;
				CLANG_WARN_DIRECT_OBJC_ISA_USAGE = YES_ERROR;
				CLANG_WARN_DOCUMENTATION_COMMENTS = YES;
				CLANG_WARN_EMPTY_BODY = YES;
				CLANG_WARN_ENUM_CONVERSION = YES;
				CLANG_WARN_INFINITE_RECURSION = YES;
				CLANG_WARN_INT_CONVERSION = YES;
				CLANG_WARN_NON_LITERAL_NULL_CONVERSION = YES;
				CLANG_WARN_OBJC_IMPLICIT_RETAIN_SELF = YES;
				CLANG_WARN_OBJC_LITERAL_CONVERSION = YES;
				CLANG_WARN_OBJC_ROOT_CLASS = YES_ERROR;
				CLANG_WARN_QUOTED_INCLUDE_IN_FRAMEWORK_HEADER = YES;
				CLANG_WARN_RANGE_LOOP_ANALYSIS = YES;
				CLANG_WARN_STRICT_PROTOTYPES = YES;
				CLANG_WARN_SUSPICIOUS_MOVE = YES;
				CLANG_WARN_UNGUARDED_AVAILABILITY = YES_AGGRESSIVE;
				CLANG_WARN_UNREACHABLE_CODE = YES;
				CLANG_WARN__DUPLICATE_METHOD_MATCH = YES;
				COPY_PHASE_STRIP = NO;
				DEBUG_INFORMATION_FORMAT = dwarf;
				ENABLE_STRICT_OBJC_MSGSEND = YES;
				ENABLE_TESTABILITY = YES;
				GCC_C_LANGUAGE_STANDARD = gnu11;
				GCC_DYNAMIC_NO_PIC = NO;
				GCC_NO_COMMON_BLOCKS = YES;
				GCC_OPTIMIZATION_LEVEL = 0;
				GCC_PREPROCESSOR_DEFINITIONS = (
					"DEBUG=1",
					"$(inherited)",
				);
				GCC_WARN_64_TO_32_BIT_CONVERSION = YES;
				GCC_WARN_ABOUT_RETURN_TYPE = YES_ERROR;
				GCC_WARN_UNDECLARED_SELECTOR = YES;
				GCC_WARN_UNINITIALIZED_AUTOS = YES_AGGRESSIVE;
				GCC_WARN_UNUSED_FUNCTION = YES;
				GCC_WARN_UNUSED_VARIABLE = YES;
				IPHONEOS_DEPLOYMENT_TARGET = 16.1;
				MTL_ENABLE_DEBUG_INFO = INCLUDE_SOURCE;
				MTL_FAST_MATH = YES;
				ONLY_ACTIVE_ARCH = YES;
				SDKROOT = iphoneos;
				SWIFT_ACTIVE_COMPILATION_CONDITIONS = DEBUG;
				SWIFT_OPTIMIZATION_LEVEL = "-Onone";
			};
			name = Debug;
		};
		2CB99BFC291B310A00F9F090 /* Release */ = {
			isa = XCBuildConfiguration;
			buildSettings = {
				ALWAYS_SEARCH_USER_PATHS = NO;
				CLANG_ANALYZER_NONNULL = YES;
				CLANG_ANALYZER_NUMBER_OBJECT_CONVERSION = YES_AGGRESSIVE;
				CLANG_CXX_LANGUAGE_STANDARD = "gnu++20";
				CLANG_ENABLE_MODULES = YES;
				CLANG_ENABLE_OBJC_ARC = YES;
				CLANG_ENABLE_OBJC_WEAK = YES;
				CLANG_WARN_BLOCK_CAPTURE_AUTORELEASING = YES;
				CLANG_WARN_BOOL_CONVERSION = YES;
				CLANG_WARN_COMMA = YES;
				CLANG_WARN_CONSTANT_CONVERSION = YES;
				CLANG_WARN_DEPRECATED_OBJC_IMPLEMENTATIONS = YES;
				CLANG_WARN_DIRECT_OBJC_ISA_USAGE = YES_ERROR;
				CLANG_WARN_DOCUMENTATION_COMMENTS = YES;
				CLANG_WARN_EMPTY_BODY = YES;
				CLANG_WARN_ENUM_CONVERSION = YES;
				CLANG_WARN_INFINITE_RECURSION = YES;
				CLANG_WARN_INT_CONVERSION = YES;
				CLANG_WARN_NON_LITERAL_NULL_CONVERSION = YES;
				CLANG_WARN_OBJC_IMPLICIT_RETAIN_SELF = YES;
				CLANG_WARN_OBJC_LITERAL_CONVERSION = YES;
				CLANG_WARN_OBJC_ROOT_CLASS = YES_ERROR;
				CLANG_WARN_QUOTED_INCLUDE_IN_FRAMEWORK_HEADER = YES;
				CLANG_WARN_RANGE_LOOP_ANALYSIS = YES;
				CLANG_WARN_STRICT_PROTOTYPES = YES;
				CLANG_WARN_SUSPICIOUS_MOVE = YES;
				CLANG_WARN_UNGUARDED_AVAILABILITY = YES_AGGRESSIVE;
				CLANG_WARN_UNREACHABLE_CODE = YES;
				CLANG_WARN__DUPLICATE_METHOD_MATCH = YES;
				COPY_PHASE_STRIP = NO;
				DEBUG_INFORMATION_FORMAT = "dwarf-with-dsym";
				ENABLE_NS_ASSERTIONS = NO;
				ENABLE_STRICT_OBJC_MSGSEND = YES;
				GCC_C_LANGUAGE_STANDARD = gnu11;
				GCC_NO_COMMON_BLOCKS = YES;
				GCC_WARN_64_TO_32_BIT_CONVERSION = YES;
				GCC_WARN_ABOUT_RETURN_TYPE = YES_ERROR;
				GCC_WARN_UNDECLARED_SELECTOR = YES;
				GCC_WARN_UNINITIALIZED_AUTOS = YES_AGGRESSIVE;
				GCC_WARN_UNUSED_FUNCTION = YES;
				GCC_WARN_UNUSED_VARIABLE = YES;
				IPHONEOS_DEPLOYMENT_TARGET = 16.1;
				MTL_ENABLE_DEBUG_INFO = NO;
				MTL_FAST_MATH = YES;
				SDKROOT = iphoneos;
				SWIFT_COMPILATION_MODE = wholemodule;
				SWIFT_OPTIMIZATION_LEVEL = "-O";
				VALIDATE_PRODUCT = YES;
			};
			name = Release;
		};
		2CB99BFE291B310A00F9F090 /* Debug */ = {
			isa = XCBuildConfiguration;
			buildSettings = {
				ASSETCATALOG_COMPILER_APPICON_NAME = AppIcon;
				ASSETCATALOG_COMPILER_GLOBAL_ACCENT_COLOR_NAME = AccentColor;
				CODE_SIGN_STYLE = Automatic;
				CURRENT_PROJECT_VERSION = 1;
				DEVELOPMENT_TEAM = 6UUX2L32WR;
				GENERATE_INFOPLIST_FILE = YES;
				INFOPLIST_FILE = 07_Xylophone/Resources/Info.plist;
				INFOPLIST_KEY_UIApplicationSupportsIndirectInputEvents = YES;
				INFOPLIST_KEY_UILaunchStoryboardName = LaunchScreen;
				INFOPLIST_KEY_UIMainStoryboardFile = Main;
				INFOPLIST_KEY_UISupportedInterfaceOrientations_iPad = "UIInterfaceOrientationPortrait UIInterfaceOrientationPortraitUpsideDown UIInterfaceOrientationLandscapeLeft UIInterfaceOrientationLandscapeRight";
				INFOPLIST_KEY_UISupportedInterfaceOrientations_iPhone = "UIInterfaceOrientationPortrait UIInterfaceOrientationLandscapeLeft UIInterfaceOrientationLandscapeRight";
				LD_RUNPATH_SEARCH_PATHS = (
					"$(inherited)",
					"@executable_path/Frameworks",
				);
				MARKETING_VERSION = 1.0;
				PRODUCT_BUNDLE_IDENTIFIER = "com.royalbluesoftware.-7-Xylophone";
				PRODUCT_NAME = "$(TARGET_NAME)";
				SUPPORTED_PLATFORMS = "iphoneos iphonesimulator";
				SUPPORTS_MACCATALYST = NO;
				SUPPORTS_MAC_DESIGNED_FOR_IPHONE_IPAD = NO;
				SWIFT_EMIT_LOC_STRINGS = YES;
				SWIFT_VERSION = 5.0;
				TARGETED_DEVICE_FAMILY = 1;
			};
			name = Debug;
		};
		2CB99BFF291B310A00F9F090 /* Release */ = {
			isa = XCBuildConfiguration;
			buildSettings = {
				ASSETCATALOG_COMPILER_APPICON_NAME = AppIcon;
				ASSETCATALOG_COMPILER_GLOBAL_ACCENT_COLOR_NAME = AccentColor;
				CODE_SIGN_STYLE = Automatic;
				CURRENT_PROJECT_VERSION = 1;
				DEVELOPMENT_TEAM = 6UUX2L32WR;
				GENERATE_INFOPLIST_FILE = YES;
				INFOPLIST_FILE = 07_Xylophone/Resources/Info.plist;
				INFOPLIST_KEY_UIApplicationSupportsIndirectInputEvents = YES;
				INFOPLIST_KEY_UILaunchStoryboardName = LaunchScreen;
				INFOPLIST_KEY_UIMainStoryboardFile = Main;
				INFOPLIST_KEY_UISupportedInterfaceOrientations_iPad = "UIInterfaceOrientationPortrait UIInterfaceOrientationPortraitUpsideDown UIInterfaceOrientationLandscapeLeft UIInterfaceOrientationLandscapeRight";
				INFOPLIST_KEY_UISupportedInterfaceOrientations_iPhone = "UIInterfaceOrientationPortrait UIInterfaceOrientationLandscapeLeft UIInterfaceOrientationLandscapeRight";
				LD_RUNPATH_SEARCH_PATHS = (
					"$(inherited)",
					"@executable_path/Frameworks",
				);
				MARKETING_VERSION = 1.0;
				PRODUCT_BUNDLE_IDENTIFIER = "com.royalbluesoftware.-7-Xylophone";
				PRODUCT_NAME = "$(TARGET_NAME)";
				SUPPORTED_PLATFORMS = "iphoneos iphonesimulator";
				SUPPORTS_MACCATALYST = NO;
				SUPPORTS_MAC_DESIGNED_FOR_IPHONE_IPAD = NO;
				SWIFT_EMIT_LOC_STRINGS = YES;
				SWIFT_VERSION = 5.0;
				TARGETED_DEVICE_FAMILY = 1;
			};
			name = Release;
		};
/* End XCBuildConfiguration section */

/* Begin XCConfigurationList section */
		2CB99BE4291B310900F9F090 /* Build configuration list for PBXProject "07_Xylophone" */ = {
			isa = XCConfigurationList;
			buildConfigurations = (
				2CB99BFB291B310A00F9F090 /* Debug */,
				2CB99BFC291B310A00F9F090 /* Release */,
			);
			defaultConfigurationIsVisible = 0;
			defaultConfigurationName = Release;
		};
		2CB99BFD291B310A00F9F090 /* Build configuration list for PBXNativeTarget "07_Xylophone" */ = {
			isa = XCConfigurationList;
			buildConfigurations = (
				2CB99BFE291B310A00F9F090 /* Debug */,
				2CB99BFF291B310A00F9F090 /* Release */,
			);
			defaultConfigurationIsVisible = 0;
			defaultConfigurationName = Release;
		};
/* End XCConfigurationList section */
	};
	rootObject = 2CB99BE1291B310900F9F090 /* Project object */;
}
